// !$*UTF8*$!
{
	archiveVersion = 1;
	classes = {
	};
	objectVersion = 50;
	objects = {

/* Begin PBXBuildFile section */
		4F27914023D3AA4000FACDBB /* elementData.json in Resources */ = {isa = PBXBuildFile; fileRef = 4F27913F23D3AA4000FACDBB /* elementData.json */; };
		4F611C6B23C7D1DC0002EE26 /* ElementDetailView.swift in Sources */ = {isa = PBXBuildFile; fileRef = 4F611C6A23C7D1DC0002EE26 /* ElementDetailView.swift */; };
		4FA9ACB623C6921A00693ACB /* Element.swift in Sources */ = {isa = PBXBuildFile; fileRef = 4FA9ACB523C6921A00693ACB /* Element.swift */; };
		4FA9ACB823C6951C00693ACB /* ElementFetcher.swift in Sources */ = {isa = PBXBuildFile; fileRef = 4FA9ACB723C6951C00693ACB /* ElementFetcher.swift */; };
		4FD7ABF323BBFB6D00DD46A9 /* AppDelegate.swift in Sources */ = {isa = PBXBuildFile; fileRef = 4FD7ABF223BBFB6D00DD46A9 /* AppDelegate.swift */; };
		4FD7ABF523BBFB6D00DD46A9 /* SceneDelegate.swift in Sources */ = {isa = PBXBuildFile; fileRef = 4FD7ABF423BBFB6D00DD46A9 /* SceneDelegate.swift */; };
		4FD7ABF723BBFB6D00DD46A9 /* ContentView.swift in Sources */ = {isa = PBXBuildFile; fileRef = 4FD7ABF623BBFB6D00DD46A9 /* ContentView.swift */; };
		4FD7ABF923BBFB6D00DD46A9 /* Assets.xcassets in Resources */ = {isa = PBXBuildFile; fileRef = 4FD7ABF823BBFB6D00DD46A9 /* Assets.xcassets */; };
		4FD7ABFC23BBFB6D00DD46A9 /* Preview Assets.xcassets in Resources */ = {isa = PBXBuildFile; fileRef = 4FD7ABFB23BBFB6D00DD46A9 /* Preview Assets.xcassets */; };
		4FD7ABFF23BBFB6D00DD46A9 /* LaunchScreen.storyboard in Resources */ = {isa = PBXBuildFile; fileRef = 4FD7ABFD23BBFB6D00DD46A9 /* LaunchScreen.storyboard */; };
		4FD7AC0A23BBFB6E00DD46A9 /* TSA_AppTests.swift in Sources */ = {isa = PBXBuildFile; fileRef = 4FD7AC0923BBFB6E00DD46A9 /* TSA_AppTests.swift */; };
		4FD7AC1523BBFB6E00DD46A9 /* TSA_AppUITests.swift in Sources */ = {isa = PBXBuildFile; fileRef = 4FD7AC1423BBFB6E00DD46A9 /* TSA_AppUITests.swift */; };
/* End PBXBuildFile section */

/* Begin PBXContainerItemProxy section */
		4FD7AC0623BBFB6E00DD46A9 /* PBXContainerItemProxy */ = {
			isa = PBXContainerItemProxy;
			containerPortal = 4FD7ABE723BBFB6D00DD46A9 /* Project object */;
			proxyType = 1;
			remoteGlobalIDString = 4FD7ABEE23BBFB6D00DD46A9;
			remoteInfo = TSA_App;
		};
		4FD7AC1123BBFB6E00DD46A9 /* PBXContainerItemProxy */ = {
			isa = PBXContainerItemProxy;
			containerPortal = 4FD7ABE723BBFB6D00DD46A9 /* Project object */;
			proxyType = 1;
			remoteGlobalIDString = 4FD7ABEE23BBFB6D00DD46A9;
			remoteInfo = TSA_App;
		};
/* End PBXContainerItemProxy section */

/* Begin PBXFileReference section */
		4F27913F23D3AA4000FACDBB /* elementData.json */ = {isa = PBXFileReference; fileEncoding = 4; lastKnownFileType = text.json; name = elementData.json; path = ../../../../Downloads/elementData.json; sourceTree = "<group>"; };
		4F611C6A23C7D1DC0002EE26 /* ElementDetailView.swift */ = {isa = PBXFileReference; lastKnownFileType = sourcecode.swift; path = ElementDetailView.swift; sourceTree = "<group>"; };
		4FA9ACB523C6921A00693ACB /* Element.swift */ = {isa = PBXFileReference; lastKnownFileType = sourcecode.swift; path = Element.swift; sourceTree = "<group>"; };
		4FA9ACB723C6951C00693ACB /* ElementFetcher.swift */ = {isa = PBXFileReference; lastKnownFileType = sourcecode.swift; path = ElementFetcher.swift; sourceTree = "<group>"; };
		4FD7ABEF23BBFB6D00DD46A9 /* TSA_App.app */ = {isa = PBXFileReference; explicitFileType = wrapper.application; includeInIndex = 0; path = TSA_App.app; sourceTree = BUILT_PRODUCTS_DIR; };
		4FD7ABF223BBFB6D00DD46A9 /* AppDelegate.swift */ = {isa = PBXFileReference; lastKnownFileType = sourcecode.swift; path = AppDelegate.swift; sourceTree = "<group>"; };
		4FD7ABF423BBFB6D00DD46A9 /* SceneDelegate.swift */ = {isa = PBXFileReference; lastKnownFileType = sourcecode.swift; path = SceneDelegate.swift; sourceTree = "<group>"; };
		4FD7ABF623BBFB6D00DD46A9 /* ContentView.swift */ = {isa = PBXFileReference; lastKnownFileType = sourcecode.swift; path = ContentView.swift; sourceTree = "<group>"; };
		4FD7ABF823BBFB6D00DD46A9 /* Assets.xcassets */ = {isa = PBXFileReference; lastKnownFileType = folder.assetcatalog; path = Assets.xcassets; sourceTree = "<group>"; };
		4FD7ABFB23BBFB6D00DD46A9 /* Preview Assets.xcassets */ = {isa = PBXFileReference; lastKnownFileType = folder.assetcatalog; path = "Preview Assets.xcassets"; sourceTree = "<group>"; };
		4FD7ABFE23BBFB6D00DD46A9 /* Base */ = {isa = PBXFileReference; lastKnownFileType = file.storyboard; name = Base; path = Base.lproj/LaunchScreen.storyboard; sourceTree = "<group>"; };
		4FD7AC0023BBFB6D00DD46A9 /* Info.plist */ = {isa = PBXFileReference; lastKnownFileType = text.plist.xml; path = Info.plist; sourceTree = "<group>"; };
		4FD7AC0523BBFB6E00DD46A9 /* TSA_AppTests.xctest */ = {isa = PBXFileReference; explicitFileType = wrapper.cfbundle; includeInIndex = 0; path = TSA_AppTests.xctest; sourceTree = BUILT_PRODUCTS_DIR; };
		4FD7AC0923BBFB6E00DD46A9 /* TSA_AppTests.swift */ = {isa = PBXFileReference; lastKnownFileType = sourcecode.swift; path = TSA_AppTests.swift; sourceTree = "<group>"; };
		4FD7AC0B23BBFB6E00DD46A9 /* Info.plist */ = {isa = PBXFileReference; lastKnownFileType = text.plist.xml; path = Info.plist; sourceTree = "<group>"; };
		4FD7AC1023BBFB6E00DD46A9 /* TSA_AppUITests.xctest */ = {isa = PBXFileReference; explicitFileType = wrapper.cfbundle; includeInIndex = 0; path = TSA_AppUITests.xctest; sourceTree = BUILT_PRODUCTS_DIR; };
		4FD7AC1423BBFB6E00DD46A9 /* TSA_AppUITests.swift */ = {isa = PBXFileReference; lastKnownFileType = sourcecode.swift; path = TSA_AppUITests.swift; sourceTree = "<group>"; };
		4FD7AC1623BBFB6E00DD46A9 /* Info.plist */ = {isa = PBXFileReference; lastKnownFileType = text.plist.xml; path = Info.plist; sourceTree = "<group>"; };
/* End PBXFileReference section */

/* Begin PBXFrameworksBuildPhase section */
		4FD7ABEC23BBFB6D00DD46A9 /* Frameworks */ = {
			isa = PBXFrameworksBuildPhase;
			buildActionMask = 2147483647;
			files = (
			);
			runOnlyForDeploymentPostprocessing = 0;
		};
		4FD7AC0223BBFB6E00DD46A9 /* Frameworks */ = {
			isa = PBXFrameworksBuildPhase;
			buildActionMask = 2147483647;
			files = (
			);
			runOnlyForDeploymentPostprocessing = 0;
		};
		4FD7AC0D23BBFB6E00DD46A9 /* Frameworks */ = {
			isa = PBXFrameworksBuildPhase;
			buildActionMask = 2147483647;
			files = (
			);
			runOnlyForDeploymentPostprocessing = 0;
		};
/* End PBXFrameworksBuildPhase section */

/* Begin PBXGroup section */
		4FD7ABE623BBFB6D00DD46A9 = {
			isa = PBXGroup;
			children = (
				4FD7ABF123BBFB6D00DD46A9 /* TSA_App */,
				4FD7AC0823BBFB6E00DD46A9 /* TSA_AppTests */,
				4FD7AC1323BBFB6E00DD46A9 /* TSA_AppUITests */,
				4FD7ABF023BBFB6D00DD46A9 /* Products */,
			);
			sourceTree = "<group>";
		};
		4FD7ABF023BBFB6D00DD46A9 /* Products */ = {
			isa = PBXGroup;
			children = (
				4FD7ABEF23BBFB6D00DD46A9 /* TSA_App.app */,
				4FD7AC0523BBFB6E00DD46A9 /* TSA_AppTests.xctest */,
				4FD7AC1023BBFB6E00DD46A9 /* TSA_AppUITests.xctest */,
			);
			name = Products;
			sourceTree = "<group>";
		};
		4FD7ABF123BBFB6D00DD46A9 /* TSA_App */ = {
			isa = PBXGroup;
			children = (
				4F27913F23D3AA4000FACDBB /* elementData.json */,
				4FD7ABF223BBFB6D00DD46A9 /* AppDelegate.swift */,
				4FD7ABF423BBFB6D00DD46A9 /* SceneDelegate.swift */,
				4FD7ABF623BBFB6D00DD46A9 /* ContentView.swift */,
				4FD7ABF823BBFB6D00DD46A9 /* Assets.xcassets */,
				4FD7ABFD23BBFB6D00DD46A9 /* LaunchScreen.storyboard */,
				4FD7AC0023BBFB6D00DD46A9 /* Info.plist */,
				4FD7ABFA23BBFB6D00DD46A9 /* Preview Content */,
				4FA9ACB523C6921A00693ACB /* Element.swift */,
				4FA9ACB723C6951C00693ACB /* ElementFetcher.swift */,
				4F611C6A23C7D1DC0002EE26 /* ElementDetailView.swift */,
			);
			path = TSA_App;
			sourceTree = "<group>";
		};
		4FD7ABFA23BBFB6D00DD46A9 /* Preview Content */ = {
			isa = PBXGroup;
			children = (
				4FD7ABFB23BBFB6D00DD46A9 /* Preview Assets.xcassets */,
			);
			path = "Preview Content";
			sourceTree = "<group>";
		};
		4FD7AC0823BBFB6E00DD46A9 /* TSA_AppTests */ = {
			isa = PBXGroup;
			children = (
				4FD7AC0923BBFB6E00DD46A9 /* TSA_AppTests.swift */,
				4FD7AC0B23BBFB6E00DD46A9 /* Info.plist */,
			);
			path = TSA_AppTests;
			sourceTree = "<group>";
		};
		4FD7AC1323BBFB6E00DD46A9 /* TSA_AppUITests */ = {
			isa = PBXGroup;
			children = (
				4FD7AC1423BBFB6E00DD46A9 /* TSA_AppUITests.swift */,
				4FD7AC1623BBFB6E00DD46A9 /* Info.plist */,
			);
			path = TSA_AppUITests;
			sourceTree = "<group>";
		};
/* End PBXGroup section */

/* Begin PBXNativeTarget section */
		4FD7ABEE23BBFB6D00DD46A9 /* TSA_App */ = {
			isa = PBXNativeTarget;
			buildConfigurationList = 4FD7AC1923BBFB6E00DD46A9 /* Build configuration list for PBXNativeTarget "TSA_App" */;
			buildPhases = (
				4FD7ABEB23BBFB6D00DD46A9 /* Sources */,
				4FD7ABEC23BBFB6D00DD46A9 /* Frameworks */,
				4FD7ABED23BBFB6D00DD46A9 /* Resources */,
			);
			buildRules = (
			);
			dependencies = (
			);
			name = TSA_App;
			productName = TSA_App;
			productReference = 4FD7ABEF23BBFB6D00DD46A9 /* TSA_App.app */;
			productType = "com.apple.product-type.application";
		};
		4FD7AC0423BBFB6E00DD46A9 /* TSA_AppTests */ = {
			isa = PBXNativeTarget;
			buildConfigurationList = 4FD7AC1C23BBFB6E00DD46A9 /* Build configuration list for PBXNativeTarget "TSA_AppTests" */;
			buildPhases = (
				4FD7AC0123BBFB6E00DD46A9 /* Sources */,
				4FD7AC0223BBFB6E00DD46A9 /* Frameworks */,
				4FD7AC0323BBFB6E00DD46A9 /* Resources */,
			);
			buildRules = (
			);
			dependencies = (
				4FD7AC0723BBFB6E00DD46A9 /* PBXTargetDependency */,
			);
			name = TSA_AppTests;
			productName = TSA_AppTests;
			productReference = 4FD7AC0523BBFB6E00DD46A9 /* TSA_AppTests.xctest */;
			productType = "com.apple.product-type.bundle.unit-test";
		};
		4FD7AC0F23BBFB6E00DD46A9 /* TSA_AppUITests */ = {
			isa = PBXNativeTarget;
			buildConfigurationList = 4FD7AC1F23BBFB6E00DD46A9 /* Build configuration list for PBXNativeTarget "TSA_AppUITests" */;
			buildPhases = (
				4FD7AC0C23BBFB6E00DD46A9 /* Sources */,
				4FD7AC0D23BBFB6E00DD46A9 /* Frameworks */,
				4FD7AC0E23BBFB6E00DD46A9 /* Resources */,
			);
			buildRules = (
			);
			dependencies = (
				4FD7AC1223BBFB6E00DD46A9 /* PBXTargetDependency */,
			);
			name = TSA_AppUITests;
			productName = TSA_AppUITests;
			productReference = 4FD7AC1023BBFB6E00DD46A9 /* TSA_AppUITests.xctest */;
			productType = "com.apple.product-type.bundle.ui-testing";
		};
/* End PBXNativeTarget section */

/* Begin PBXProject section */
		4FD7ABE723BBFB6D00DD46A9 /* Project object */ = {
			isa = PBXProject;
			attributes = {
				LastSwiftUpdateCheck = 1130;
				LastUpgradeCheck = 1130;
				ORGANIZATIONNAME = "Noah Braunfeld";
				TargetAttributes = {
					4FD7ABEE23BBFB6D00DD46A9 = {
						CreatedOnToolsVersion = 11.3;
					};
					4FD7AC0423BBFB6E00DD46A9 = {
						CreatedOnToolsVersion = 11.3;
						TestTargetID = 4FD7ABEE23BBFB6D00DD46A9;
					};
					4FD7AC0F23BBFB6E00DD46A9 = {
						CreatedOnToolsVersion = 11.3;
						TestTargetID = 4FD7ABEE23BBFB6D00DD46A9;
					};
				};
			};
			buildConfigurationList = 4FD7ABEA23BBFB6D00DD46A9 /* Build configuration list for PBXProject "TSA_App" */;
			compatibilityVersion = "Xcode 9.3";
			developmentRegion = en;
			hasScannedForEncodings = 0;
			knownRegions = (
				en,
				Base,
			);
			mainGroup = 4FD7ABE623BBFB6D00DD46A9;
			productRefGroup = 4FD7ABF023BBFB6D00DD46A9 /* Products */;
			projectDirPath = "";
			projectRoot = "";
			targets = (
				4FD7ABEE23BBFB6D00DD46A9 /* TSA_App */,
				4FD7AC0423BBFB6E00DD46A9 /* TSA_AppTests */,
				4FD7AC0F23BBFB6E00DD46A9 /* TSA_AppUITests */,
			);
		};
/* End PBXProject section */

/* Begin PBXResourcesBuildPhase section */
		4FD7ABED23BBFB6D00DD46A9 /* Resources */ = {
			isa = PBXResourcesBuildPhase;
			buildActionMask = 2147483647;
			files = (
				4F27914023D3AA4000FACDBB /* elementData.json in Resources */,
				4FD7ABFF23BBFB6D00DD46A9 /* LaunchScreen.storyboard in Resources */,
				4FD7ABFC23BBFB6D00DD46A9 /* Preview Assets.xcassets in Resources */,
				4FD7ABF923BBFB6D00DD46A9 /* Assets.xcassets in Resources */,
			);
			runOnlyForDeploymentPostprocessing = 0;
		};
		4FD7AC0323BBFB6E00DD46A9 /* Resources */ = {
			isa = PBXResourcesBuildPhase;
			buildActionMask = 2147483647;
			files = (
			);
			runOnlyForDeploymentPostprocessing = 0;
		};
		4FD7AC0E23BBFB6E00DD46A9 /* Resources */ = {
			isa = PBXResourcesBuildPhase;
			buildActionMask = 2147483647;
			files = (
			);
			runOnlyForDeploymentPostprocessing = 0;
		};
/* End PBXResourcesBuildPhase section */

/* Begin PBXSourcesBuildPhase section */
		4FD7ABEB23BBFB6D00DD46A9 /* Sources */ = {
			isa = PBXSourcesBuildPhase;
			buildActionMask = 2147483647;
			files = (
				4FA9ACB823C6951C00693ACB /* ElementFetcher.swift in Sources */,
				4FD7ABF323BBFB6D00DD46A9 /* AppDelegate.swift in Sources */,
				4FD7ABF523BBFB6D00DD46A9 /* SceneDelegate.swift in Sources */,
				4FD7ABF723BBFB6D00DD46A9 /* ContentView.swift in Sources */,
				4F611C6B23C7D1DC0002EE26 /* ElementDetailView.swift in Sources */,
				4FA9ACB623C6921A00693ACB /* Element.swift in Sources */,
			);
			runOnlyForDeploymentPostprocessing = 0;
		};
		4FD7AC0123BBFB6E00DD46A9 /* Sources */ = {
			isa = PBXSourcesBuildPhase;
			buildActionMask = 2147483647;
			files = (
				4FD7AC0A23BBFB6E00DD46A9 /* TSA_AppTests.swift in Sources */,
			);
			runOnlyForDeploymentPostprocessing = 0;
		};
		4FD7AC0C23BBFB6E00DD46A9 /* Sources */ = {
			isa = PBXSourcesBuildPhase;
			buildActionMask = 2147483647;
			files = (
				4FD7AC1523BBFB6E00DD46A9 /* TSA_AppUITests.swift in Sources */,
			);
			runOnlyForDeploymentPostprocessing = 0;
		};
/* End PBXSourcesBuildPhase section */

/* Begin PBXTargetDependency section */
		4FD7AC0723BBFB6E00DD46A9 /* PBXTargetDependency */ = {
			isa = PBXTargetDependency;
			target = 4FD7ABEE23BBFB6D00DD46A9 /* TSA_App */;
			targetProxy = 4FD7AC0623BBFB6E00DD46A9 /* PBXContainerItemProxy */;
		};
		4FD7AC1223BBFB6E00DD46A9 /* PBXTargetDependency */ = {
			isa = PBXTargetDependency;
			target = 4FD7ABEE23BBFB6D00DD46A9 /* TSA_App */;
			targetProxy = 4FD7AC1123BBFB6E00DD46A9 /* PBXContainerItemProxy */;
		};
/* End PBXTargetDependency section */

/* Begin PBXVariantGroup section */
		4FD7ABFD23BBFB6D00DD46A9 /* LaunchScreen.storyboard */ = {
			isa = PBXVariantGroup;
			children = (
				4FD7ABFE23BBFB6D00DD46A9 /* Base */,
			);
			name = LaunchScreen.storyboard;
			sourceTree = "<group>";
		};
/* End PBXVariantGroup section */

/* Begin XCBuildConfiguration section */
		4FD7AC1723BBFB6E00DD46A9 /* Debug */ = {
			isa = XCBuildConfiguration;
			buildSettings = {
				ALWAYS_SEARCH_USER_PATHS = NO;
				CLANG_ANALYZER_NONNULL = YES;
				CLANG_ANALYZER_NUMBER_OBJECT_CONVERSION = YES_AGGRESSIVE;
				CLANG_CXX_LANGUAGE_STANDARD = "gnu++14";
				CLANG_CXX_LIBRARY = "libc++";
				CLANG_ENABLE_MODULES = YES;
				CLANG_ENABLE_OBJC_ARC = YES;
				CLANG_ENABLE_OBJC_WEAK = YES;
				CLANG_WARN_BLOCK_CAPTURE_AUTORELEASING = YES;
				CLANG_WARN_BOOL_CONVERSION = YES;
				CLANG_WARN_COMMA = YES;
				CLANG_WARN_CONSTANT_CONVERSION = YES;
				CLANG_WARN_DEPRECATED_OBJC_IMPLEMENTATIONS = YES;
				CLANG_WARN_DIRECT_OBJC_ISA_USAGE = YES_ERROR;
				CLANG_WARN_DOCUMENTATION_COMMENTS = YES;
				CLANG_WARN_EMPTY_BODY = YES;
				CLANG_WARN_ENUM_CONVERSION = YES;
				CLANG_WARN_INFINITE_RECURSION = YES;
				CLANG_WARN_INT_CONVERSION = YES;
				CLANG_WARN_NON_LITERAL_NULL_CONVERSION = YES;
				CLANG_WARN_OBJC_IMPLICIT_RETAIN_SELF = YES;
				CLANG_WARN_OBJC_LITERAL_CONVERSION = YES;
				CLANG_WARN_OBJC_ROOT_CLASS = YES_ERROR;
				CLANG_WARN_RANGE_LOOP_ANALYSIS = YES;
				CLANG_WARN_STRICT_PROTOTYPES = YES;
				CLANG_WARN_SUSPICIOUS_MOVE = YES;
				CLANG_WARN_UNGUARDED_AVAILABILITY = YES_AGGRESSIVE;
				CLANG_WARN_UNREACHABLE_CODE = YES;
				CLANG_WARN__DUPLICATE_METHOD_MATCH = YES;
				COPY_PHASE_STRIP = NO;
				DEBUG_INFORMATION_FORMAT = dwarf;
				ENABLE_STRICT_OBJC_MSGSEND = YES;
				ENABLE_TESTABILITY = YES;
				GCC_C_LANGUAGE_STANDARD = gnu11;
				GCC_DYNAMIC_NO_PIC = NO;
				GCC_NO_COMMON_BLOCKS = YES;
				GCC_OPTIMIZATION_LEVEL = 0;
				GCC_PREPROCESSOR_DEFINITIONS = (
					"DEBUG=1",
					"$(inherited)",
				);
				GCC_WARN_64_TO_32_BIT_CONVERSION = YES;
				GCC_WARN_ABOUT_RETURN_TYPE = YES_ERROR;
				GCC_WARN_UNDECLARED_SELECTOR = YES;
				GCC_WARN_UNINITIALIZED_AUTOS = YES_AGGRESSIVE;
				GCC_WARN_UNUSED_FUNCTION = YES;
				GCC_WARN_UNUSED_VARIABLE = YES;
				IPHONEOS_DEPLOYMENT_TARGET = 13.2;
				MTL_ENABLE_DEBUG_INFO = INCLUDE_SOURCE;
				MTL_FAST_MATH = YES;
				ONLY_ACTIVE_ARCH = YES;
				SDKROOT = iphoneos;
				SWIFT_ACTIVE_COMPILATION_CONDITIONS = DEBUG;
				SWIFT_OPTIMIZATION_LEVEL = "-Onone";
			};
			name = Debug;
		};
		4FD7AC1823BBFB6E00DD46A9 /* Release */ = {
			isa = XCBuildConfiguration;
			buildSettings = {
				ALWAYS_SEARCH_USER_PATHS = NO;
				CLANG_ANALYZER_NONNULL = YES;
				CLANG_ANALYZER_NUMBER_OBJECT_CONVERSION = YES_AGGRESSIVE;
				CLANG_CXX_LANGUAGE_STANDARD = "gnu++14";
				CLANG_CXX_LIBRARY = "libc++";
				CLANG_ENABLE_MODULES = YES;
				CLANG_ENABLE_OBJC_ARC = YES;
				CLANG_ENABLE_OBJC_WEAK = YES;
				CLANG_WARN_BLOCK_CAPTURE_AUTORELEASING = YES;
				CLANG_WARN_BOOL_CONVERSION = YES;
				CLANG_WARN_COMMA = YES;
				CLANG_WARN_CONSTANT_CONVERSION = YES;
				CLANG_WARN_DEPRECATED_OBJC_IMPLEMENTATIONS = YES;
				CLANG_WARN_DIRECT_OBJC_ISA_USAGE = YES_ERROR;
				CLANG_WARN_DOCUMENTATION_COMMENTS = YES;
				CLANG_WARN_EMPTY_BODY = YES;
				CLANG_WARN_ENUM_CONVERSION = YES;
				CLANG_WARN_INFINITE_RECURSION = YES;
				CLANG_WARN_INT_CONVERSION = YES;
				CLANG_WARN_NON_LITERAL_NULL_CONVERSION = YES;
				CLANG_WARN_OBJC_IMPLICIT_RETAIN_SELF = YES;
				CLANG_WARN_OBJC_LITERAL_CONVERSION = YES;
				CLANG_WARN_OBJC_ROOT_CLASS = YES_ERROR;
				CLANG_WARN_RANGE_LOOP_ANALYSIS = YES;
				CLANG_WARN_STRICT_PROTOTYPES = YES;
				CLANG_WARN_SUSPICIOUS_MOVE = YES;
				CLANG_WARN_UNGUARDED_AVAILABILITY = YES_AGGRESSIVE;
				CLANG_WARN_UNREACHABLE_CODE = YES;
				CLANG_WARN__DUPLICATE_METHOD_MATCH = YES;
				COPY_PHASE_STRIP = NO;
				DEBUG_INFORMATION_FORMAT = "dwarf-with-dsym";
				ENABLE_NS_ASSERTIONS = NO;
				ENABLE_STRICT_OBJC_MSGSEND = YES;
				GCC_C_LANGUAGE_STANDARD = gnu11;
				GCC_NO_COMMON_BLOCKS = YES;
				GCC_WARN_64_TO_32_BIT_CONVERSION = YES;
				GCC_WARN_ABOUT_RETURN_TYPE = YES_ERROR;
				GCC_WARN_UNDECLARED_SELECTOR = YES;
				GCC_WARN_UNINITIALIZED_AUTOS = YES_AGGRESSIVE;
				GCC_WARN_UNUSED_FUNCTION = YES;
				GCC_WARN_UNUSED_VARIABLE = YES;
				IPHONEOS_DEPLOYMENT_TARGET = 13.2;
				MTL_ENABLE_DEBUG_INFO = NO;
				MTL_FAST_MATH = YES;
				SDKROOT = iphoneos;
				SWIFT_COMPILATION_MODE = wholemodule;
				SWIFT_OPTIMIZATION_LEVEL = "-O";
				VALIDATE_PRODUCT = YES;
			};
			name = Release;
		};
		4FD7AC1A23BBFB6E00DD46A9 /* Debug */ = {
			isa = XCBuildConfiguration;
			buildSettings = {
				ASSETCATALOG_COMPILER_APPICON_NAME = AppIcon;
				CODE_SIGN_STYLE = Automatic;
				DEVELOPMENT_ASSET_PATHS = "\"TSA_App/Preview Content\"";
				DEVELOPMENT_TEAM = 2P94A6XM62;
				ENABLE_PREVIEWS = YES;
				INFOPLIST_FILE = TSA_App/Info.plist;
				LD_RUNPATH_SEARCH_PATHS = (
					"$(inherited)",
					"@executable_path/Frameworks",
				);
				PRODUCT_BUNDLE_IDENTIFIER = "com.noahbraunfeld.TSA-App";
				PRODUCT_NAME = "$(TARGET_NAME)";
				SWIFT_VERSION = 5.0;
				TARGETED_DEVICE_FAMILY = "1,2";
			};
			name = Debug;
		};
		4FD7AC1B23BBFB6E00DD46A9 /* Release */ = {
			isa = XCBuildConfiguration;
			buildSettings = {
				ASSETCATALOG_COMPILER_APPICON_NAME = AppIcon;
				CODE_SIGN_STYLE = Automatic;
				DEVELOPMENT_ASSET_PATHS = "\"TSA_App/Preview Content\"";
				DEVELOPMENT_TEAM = 2P94A6XM62;
				ENABLE_PREVIEWS = YES;
				INFOPLIST_FILE = TSA_App/Info.plist;
				LD_RUNPATH_SEARCH_PATHS = (
					"$(inherited)",
					"@executable_path/Frameworks",
				);
				PRODUCT_BUNDLE_IDENTIFIER = "com.noahbraunfeld.TSA-App";
				PRODUCT_NAME = "$(TARGET_NAME)";
				SWIFT_VERSION = 5.0;
				TARGETED_DEVICE_FAMILY = "1,2";
			};
			name = Release;
		};
		4FD7AC1D23BBFB6E00DD46A9 /* Debug */ = {
			isa = XCBuildConfiguration;
			buildSettings = {
				ALWAYS_EMBED_SWIFT_STANDARD_LIBRARIES = YES;
				BUNDLE_LOADER = "$(TEST_HOST)";
				CODE_SIGN_STYLE = Automatic;
				DEVELOPMENT_TEAM = 2P94A6XM62;
				INFOPLIST_FILE = TSA_AppTests/Info.plist;
				IPHONEOS_DEPLOYMENT_TARGET = 13.2;
				LD_RUNPATH_SEARCH_PATHS = (
					"$(inherited)",
					"@executable_path/Frameworks",
					"@loader_path/Frameworks",
				);
				PRODUCT_BUNDLE_IDENTIFIER = "com.noahbraunfeld.TSA-AppTests";
				PRODUCT_NAME = "$(TARGET_NAME)";
				SWIFT_VERSION = 5.0;
				TARGETED_DEVICE_FAMILY = "1,2";
				TEST_HOST = "$(BUILT_PRODUCTS_DIR)/TSA_App.app/TSA_App";
			};
			name = Debug;
		};
		4FD7AC1E23BBFB6E00DD46A9 /* Release */ = {
			isa = XCBuildConfiguration;
			buildSettings = {
				ALWAYS_EMBED_SWIFT_STANDARD_LIBRARIES = YES;
				BUNDLE_LOADER = "$(TEST_HOST)";
				CODE_SIGN_STYLE = Automatic;
				DEVELOPMENT_TEAM = 2P94A6XM62;
				INFOPLIST_FILE = TSA_AppTests/Info.plist;
				IPHONEOS_DEPLOYMENT_TARGET = 13.2;
				LD_RUNPATH_SEARCH_PATHS = (
					"$(inherited)",
					"@executable_path/Frameworks",
					"@loader_path/Frameworks",
				);
				PRODUCT_BUNDLE_IDENTIFIER = "com.noahbraunfeld.TSA-AppTests";
				PRODUCT_NAME = "$(TARGET_NAME)";
				SWIFT_VERSION = 5.0;
				TARGETED_DEVICE_FAMILY = "1,2";
				TEST_HOST = "$(BUILT_PRODUCTS_DIR)/TSA_App.app/TSA_App";
			};
			name = Release;
		};
		4FD7AC2023BBFB6E00DD46A9 /* Debug */ = {
			isa = XCBuildConfiguration;
			buildSettings = {
				ALWAYS_EMBED_SWIFT_STANDARD_LIBRARIES = YES;
				CODE_SIGN_STYLE = Automatic;
				DEVELOPMENT_TEAM = 2P94A6XM62;
				INFOPLIST_FILE = TSA_AppUITests/Info.plist;
				LD_RUNPATH_SEARCH_PATHS = (
					"$(inherited)",
					"@executable_path/Frameworks",
					"@loader_path/Frameworks",
				);
				PRODUCT_BUNDLE_IDENTIFIER = "com.noahbraunfeld.TSA-AppUITests";
				PRODUCT_NAME = "$(TARGET_NAME)";
				SWIFT_VERSION = 5.0;
				TARGETED_DEVICE_FAMILY = "1,2";
				TEST_TARGET_NAME = TSA_App;
			};
			name = Debug;
		};
		4FD7AC2123BBFB6E00DD46A9 /* Release */ = {
			isa = XCBuildConfiguration;
			buildSettings = {
				ALWAYS_EMBED_SWIFT_STANDARD_LIBRARIES = YES;
				CODE_SIGN_STYLE = Automatic;
				DEVELOPMENT_TEAM = 2P94A6XM62;
				INFOPLIST_FILE = TSA_AppUITests/Info.plist;
				LD_RUNPATH_SEARCH_PATHS = (
					"$(inherited)",
					"@executable_path/Frameworks",
					"@loader_path/Frameworks",
				);
				PRODUCT_BUNDLE_IDENTIFIER = "com.noahbraunfeld.TSA-AppUITests";
				PRODUCT_NAME = "$(TARGET_NAME)";
				SWIFT_VERSION = 5.0;
				TARGETED_DEVICE_FAMILY = "1,2";
				TEST_TARGET_NAME = TSA_App;
			};
			name = Release;
		};
/* End XCBuildConfiguration section */

/* Begin XCConfigurationList section */
		4FD7ABEA23BBFB6D00DD46A9 /* Build configuration list for PBXProject "TSA_App" */ = {
			isa = XCConfigurationList;
			buildConfigurations = (
				4FD7AC1723BBFB6E00DD46A9 /* Debug */,
				4FD7AC1823BBFB6E00DD46A9 /* Release */,
			);
			defaultConfigurationIsVisible = 0;
			defaultConfigurationName = Release;
		};
		4FD7AC1923BBFB6E00DD46A9 /* Build configuration list for PBXNativeTarget "TSA_App" */ = {
			isa = XCConfigurationList;
			buildConfigurations = (
				4FD7AC1A23BBFB6E00DD46A9 /* Debug */,
				4FD7AC1B23BBFB6E00DD46A9 /* Release */,
			);
			defaultConfigurationIsVisible = 0;
			defaultConfigurationName = Release;
		};
		4FD7AC1C23BBFB6E00DD46A9 /* Build configuration list for PBXNativeTarget "TSA_AppTests" */ = {
			isa = XCConfigurationList;
			buildConfigurations = (
				4FD7AC1D23BBFB6E00DD46A9 /* Debug */,
				4FD7AC1E23BBFB6E00DD46A9 /* Release */,
			);
			defaultConfigurationIsVisible = 0;
			defaultConfigurationName = Release;
		};
		4FD7AC1F23BBFB6E00DD46A9 /* Build configuration list for PBXNativeTarget "TSA_AppUITests" */ = {
			isa = XCConfigurationList;
			buildConfigurations = (
				4FD7AC2023BBFB6E00DD46A9 /* Debug */,
				4FD7AC2123BBFB6E00DD46A9 /* Release */,
			);
			defaultConfigurationIsVisible = 0;
			defaultConfigurationName = Release;
		};
/* End XCConfigurationList section */
	};
	rootObject = 4FD7ABE723BBFB6D00DD46A9 /* Project object */;
}
